
Microsoft Visual Studio Solution File, Format Version 12.00
# Visual Studio Version 16
VisualStudioVersion = 16.0.28803.352
MinimumVisualStudioVersion = 10.0.40219.1
Project("{FAE04EC0-301F-11D3-BF4B-00C04F79EFBC}") = "ConsoleApp1", "ConsoleApp1\ConsoleApp1.csproj", "{F2063356-2F2E-40CC-997A-26339EC43C96}"
EndProject
Global
	GlobalSection(SolutionConfigurationPlatforms) = preSolution
		Debug|Any CPU = Debug|Any CPU
		Release|Any CPU = Release|Any CPU
	EndGlobalSection
	GlobalSection(ProjectConfigurationPlatforms) = postSolution
		{F2063356-2F2E-40CC-997A-26339EC43C96}.Debug|Any CPU.ActiveCfg = Debug|Any CPU
		{F2063356-2F2E-40CC-997A-26339EC43C96}.Debug|Any CPU.Build.0 = Debug|Any CPU
		{F2063356-2F2E-40CC-997A-26339EC43C96}.Release|Any CPU.ActiveCfg = Release|Any CPU
		{F2063356-2F2E-40CC-997A-26339EC43C96}.Release|Any CPU.Build.0 = Release|Any CPU
	EndGlobalSection
	GlobalSection(SolutionProperties) = preSolution
		HideSolutionNode = FALSE
	EndGlobalSection
	GlobalSection(ExtensibilityGlobals) = postSolution
		SolutionGuid = {47ADF73E-1485-4508-B1F1-2574BE4E7B14}
	EndGlobalSection
EndGlobal
